Microsoft Visual Studio Solution File, Format Version 8.00
Project("{EAF909A5-FA59-4C3D-9431-0FCC20D5BCF9}") = "lis", "lis.icproj", "{10B479A2-C2DE-4A65-8E9A-3840E652082C}"
	ProjectSection(ProjectDependencies) = postProject
	EndProjectSection
EndProject
Project("{EAF909A5-FA59-4C3D-9431-0FCC20D5BCF9}") = "test1", "test1.icproj", "{E1A1BB49-EF49-4561-BE05-4BBC0F2C2DF9}"
	ProjectSection(ProjectDependencies) = postProject
		{10B479A2-C2DE-4A65-8E9A-3840E652082C} = {10B479A2-C2DE-4A65-8E9A-3840E652082C}
	EndProjectSection
EndProject
Project("{EAF909A5-FA59-4C3D-9431-0FCC20D5BCF9}") = "test2", "test2.icproj", "{B0212C0F-664A-4754-A9EB-C626B6D9E112}"
	ProjectSection(ProjectDependencies) = postProject
		{10B479A2-C2DE-4A65-8E9A-3840E652082C} = {10B479A2-C2DE-4A65-8E9A-3840E652082C}
	EndProjectSection
EndProject
Project("{EAF909A5-FA59-4C3D-9431-0FCC20D5BCF9}") = "test3", "test3.icproj", "{5C468B19-8DE8-44D4-8F45-189D6195B535}"
	ProjectSection(ProjectDependencies) = postProject
		{10B479A2-C2DE-4A65-8E9A-3840E652082C} = {10B479A2-C2DE-4A65-8E9A-3840E652082C}
	EndProjectSection
EndProject
Project("{EAF909A5-FA59-4C3D-9431-0FCC20D5BCF9}") = "test4", "test4.icproj", "{894E6F19-B385-495D-87A2-EB2DDEA06C32}"
	ProjectSection(ProjectDependencies) = postProject
		{10B479A2-C2DE-4A65-8E9A-3840E652082C} = {10B479A2-C2DE-4A65-8E9A-3840E652082C}
	EndProjectSection
EndProject
Project("{EAF909A5-FA59-4C3D-9431-0FCC20D5BCF9}") = "test5", "test5.icproj", "{894E6F19-B385-495D-87A2-EB2DDEA06C32}"
	ProjectSection(ProjectDependencies) = postProject
		{10B479A2-C2DE-4A65-8E9A-3840E652082C} = {10B479A2-C2DE-4A65-8E9A-3840E652082C}
	EndProjectSection
EndProject
Project("{EAF909A5-FA59-4C3D-9431-0FCC20D5BCF9}") = "test6", "test6.icproj", "{894E6F19-B385-495D-87A2-EB2DDEA06C32}"
	ProjectSection(ProjectDependencies) = postProject
		{10B479A2-C2DE-4A65-8E9A-3840E652082C} = {10B479A2-C2DE-4A65-8E9A-3840E652082C}
	EndProjectSection
EndProject
Project("{EAF909A5-FA59-4C3D-9431-0FCC20D5BCF9}") = "etest1", "etest1.icproj", "{E1A1BB49-EF49-4561-BE05-4BBC0F2C2DF9}"
	ProjectSection(ProjectDependencies) = postProject
		{10B479A2-C2DE-4A65-8E9A-3840E652082C} = {10B479A2-C2DE-4A65-8E9A-3840E652082C}
	EndProjectSection
EndProject
Project("{EAF909A5-FA59-4C3D-9431-0FCC20D5BCF9}") = "etest2", "etest2.icproj", "{B0212C0F-664A-4754-A9EB-C626B6D9E112}"
	ProjectSection(ProjectDependencies) = postProject
		{10B479A2-C2DE-4A65-8E9A-3840E652082C} = {10B479A2-C2DE-4A65-8E9A-3840E652082C}
	EndProjectSection
EndProject
Project("{EAF909A5-FA59-4C3D-9431-0FCC20D5BCF9}") = "etest3", "etest3.icproj", "{5C468B19-8DE8-44D4-8F45-189D6195B535}"
	ProjectSection(ProjectDependencies) = postProject
		{10B479A2-C2DE-4A65-8E9A-3840E652082C} = {10B479A2-C2DE-4A65-8E9A-3840E652082C}
	EndProjectSection
EndProject
Project("{EAF909A5-FA59-4C3D-9431-0FCC20D5BCF9}") = "etest4", "etest4.icproj", "{894E6F19-B385-495D-87A2-EB2DDEA06C32}"
	ProjectSection(ProjectDependencies) = postProject
		{10B479A2-C2DE-4A65-8E9A-3840E652082C} = {10B479A2-C2DE-4A65-8E9A-3840E652082C}
	EndProjectSection
EndProject
Project("{EAF909A5-FA59-4C3D-9431-0FCC20D5BCF9}") = "etest5", "etest5.icproj", "{894E6F19-B385-495D-87A2-EB2DDEA06C32}"
	ProjectSection(ProjectDependencies) = postProject
		{10B479A2-C2DE-4A65-8E9A-3840E652082C} = {10B479A2-C2DE-4A65-8E9A-3840E652082C}
	EndProjectSection
EndProject
Project("{EAF909A5-FA59-4C3D-9431-0FCC20D5BCF9}") = "spmvtest1", "spmvtest1.icproj", "{894E6F19-B385-495D-87A2-EB2DDEA06C32}"
	ProjectSection(ProjectDependencies) = postProject
		{10B479A2-C2DE-4A65-8E9A-3840E652082C} = {10B479A2-C2DE-4A65-8E9A-3840E652082C}
	EndProjectSection
EndProject
Project("{EAF909A5-FA59-4C3D-9431-0FCC20D5BCF9}") = "spmvtest2", "spmvtest2.icproj", "{894E6F19-B385-495D-87A2-EB2DDEA06C32}"
	ProjectSection(ProjectDependencies) = postProject
		{10B479A2-C2DE-4A65-8E9A-3840E652082C} = {10B479A2-C2DE-4A65-8E9A-3840E652082C}
	EndProjectSection
EndProject
Project("{EAF909A5-FA59-4C3D-9431-0FCC20D5BCF9}") = "spmvtest3", "spmvtest3.icproj", "{894E6F19-B385-495D-87A2-EB2DDEA06C32}"
	ProjectSection(ProjectDependencies) = postProject
		{10B479A2-C2DE-4A65-8E9A-3840E652082C} = {10B479A2-C2DE-4A65-8E9A-3840E652082C}
	EndProjectSection
EndProject
Project("{EAF909A5-FA59-4C3D-9431-0FCC20D5BCF9}") = "spmvtest4", "spmvtest4.icproj", "{894E6F19-B385-495D-87A2-EB2DDEA06C32}"
	ProjectSection(ProjectDependencies) = postProject
		{10B479A2-C2DE-4A65-8E9A-3840E652082C} = {10B479A2-C2DE-4A65-8E9A-3840E652082C}
	EndProjectSection
EndProject
Project("{EAF909A5-FA59-4C3D-9431-0FCC20D5BCF9}") = "spmvtest5", "spmvtest5.icproj", "{894E6F19-B385-495D-87A2-EB2DDEA06C32}"
	ProjectSection(ProjectDependencies) = postProject
		{10B479A2-C2DE-4A65-8E9A-3840E652082C} = {10B479A2-C2DE-4A65-8E9A-3840E652082C}
	EndProjectSection
EndProject
Global
	GlobalSection(SolutionConfiguration) = preSolution
		Debug = Debug
		MPI = MPI
		OMP = OMP
		Release = Release
		SEQ = SEQ
	EndGlobalSection
	GlobalSection(ProjectConfiguration) = postSolution
		{10B479A2-C2DE-4A65-8E9A-3840E652082C}.Debug.ActiveCfg = Debug|Win32
		{10B479A2-C2DE-4A65-8E9A-3840E652082C}.Debug.Build.0 = Debug|Win32
		{10B479A2-C2DE-4A65-8E9A-3840E652082C}.MPI.ActiveCfg = MPI|Win32
		{10B479A2-C2DE-4A65-8E9A-3840E652082C}.MPI.Build.0 = MPI|Win32
		{10B479A2-C2DE-4A65-8E9A-3840E652082C}.OMP.ActiveCfg = OMP|Win32
		{10B479A2-C2DE-4A65-8E9A-3840E652082C}.OMP.Build.0 = OMP|Win32
		{10B479A2-C2DE-4A65-8E9A-3840E652082C}.Release.ActiveCfg = Release|Win32
		{10B479A2-C2DE-4A65-8E9A-3840E652082C}.Release.Build.0 = Release|Win32
		{10B479A2-C2DE-4A65-8E9A-3840E652082C}.SEQ.ActiveCfg = SEQ|Win32
		{10B479A2-C2DE-4A65-8E9A-3840E652082C}.SEQ.Build.0 = SEQ|Win32
		{E1A1BB49-EF49-4561-BE05-4BBC0F2C2DF9}.Debug.ActiveCfg = Debug|Win32
		{E1A1BB49-EF49-4561-BE05-4BBC0F2C2DF9}.Debug.Build.0 = Debug|Win32
		{E1A1BB49-EF49-4561-BE05-4BBC0F2C2DF9}.MPI.ActiveCfg = MPI|Win32
		{E1A1BB49-EF49-4561-BE05-4BBC0F2C2DF9}.MPI.Build.0 = MPI|Win32
		{E1A1BB49-EF49-4561-BE05-4BBC0F2C2DF9}.OMP.ActiveCfg = OMP|Win32
		{E1A1BB49-EF49-4561-BE05-4BBC0F2C2DF9}.OMP.Build.0 = OMP|Win32
		{E1A1BB49-EF49-4561-BE05-4BBC0F2C2DF9}.Release.ActiveCfg = Release|Win32
		{E1A1BB49-EF49-4561-BE05-4BBC0F2C2DF9}.Release.Build.0 = Release|Win32
		{E1A1BB49-EF49-4561-BE05-4BBC0F2C2DF9}.SEQ.ActiveCfg = SEQ|Win32
		{E1A1BB49-EF49-4561-BE05-4BBC0F2C2DF9}.SEQ.Build.0 = SEQ|Win32
		{B0212C0F-664A-4754-A9EB-C626B6D9E112}.Debug.ActiveCfg = Debug|Win32
		{B0212C0F-664A-4754-A9EB-C626B6D9E112}.Debug.Build.0 = Debug|Win32
		{B0212C0F-664A-4754-A9EB-C626B6D9E112}.MPI.ActiveCfg = MPI|Win32
		{B0212C0F-664A-4754-A9EB-C626B6D9E112}.MPI.Build.0 = MPI|Win32
		{B0212C0F-664A-4754-A9EB-C626B6D9E112}.OMP.ActiveCfg = OMP|Win32
		{B0212C0F-664A-4754-A9EB-C626B6D9E112}.OMP.Build.0 = OMP|Win32
		{B0212C0F-664A-4754-A9EB-C626B6D9E112}.Release.ActiveCfg = Release|Win32
		{B0212C0F-664A-4754-A9EB-C626B6D9E112}.Release.Build.0 = Release|Win32
		{B0212C0F-664A-4754-A9EB-C626B6D9E112}.SEQ.ActiveCfg = SEQ|Win32
		{B0212C0F-664A-4754-A9EB-C626B6D9E112}.SEQ.Build.0 = SEQ|Win32
		{5C468B19-8DE8-44D4-8F45-189D6195B535}.Debug.ActiveCfg = Debug|Win32
		{5C468B19-8DE8-44D4-8F45-189D6195B535}.Debug.Build.0 = Debug|Win32
		{5C468B19-8DE8-44D4-8F45-189D6195B535}.MPI.ActiveCfg = MPI|Win32
		{5C468B19-8DE8-44D4-8F45-189D6195B535}.MPI.Build.0 = MPI|Win32
		{5C468B19-8DE8-44D4-8F45-189D6195B535}.OMP.ActiveCfg = OMP|Win32
		{5C468B19-8DE8-44D4-8F45-189D6195B535}.OMP.Build.0 = OMP|Win32
		{5C468B19-8DE8-44D4-8F45-189D6195B535}.Release.ActiveCfg = Release|Win32
		{5C468B19-8DE8-44D4-8F45-189D6195B535}.Release.Build.0 = Release|Win32
		{5C468B19-8DE8-44D4-8F45-189D6195B535}.SEQ.ActiveCfg = SEQ|Win32
		{5C468B19-8DE8-44D4-8F45-189D6195B535}.SEQ.Build.0 = SEQ|Win32
		{894E6F19-B385-495D-87A2-EB2DDEA06C32}.Debug.ActiveCfg = Debug|Win32
		{894E6F19-B385-495D-87A2-EB2DDEA06C32}.Debug.Build.0 = Debug|Win32
		{894E6F19-B385-495D-87A2-EB2DDEA06C32}.MPI.ActiveCfg = MPI|Win32
		{894E6F19-B385-495D-87A2-EB2DDEA06C32}.MPI.Build.0 = MPI|Win32
		{894E6F19-B385-495D-87A2-EB2DDEA06C32}.OMP.ActiveCfg = OMP|Win32
		{894E6F19-B385-495D-87A2-EB2DDEA06C32}.OMP.Build.0 = OMP|Win32
		{894E6F19-B385-495D-87A2-EB2DDEA06C32}.Release.ActiveCfg = Release|Win32
		{894E6F19-B385-495D-87A2-EB2DDEA06C32}.Release.Build.0 = Release|Win32
		{894E6F19-B385-495D-87A2-EB2DDEA06C32}.SEQ.ActiveCfg = SEQ|Win32
		{894E6F19-B385-495D-87A2-EB2DDEA06C32}.SEQ.Build.0 = SEQ|Win32
		{FF25F269-6E56-4A17-8FC0-DC6D70EA3FD2}.Debug.ActiveCfg = Debug|Win32
		{FF25F269-6E56-4A17-8FC0-DC6D70EA3FD2}.Debug.Build.0 = Debug|Win32
		{FF25F269-6E56-4A17-8FC0-DC6D70EA3FD2}.MPI.ActiveCfg = MPI|Win32
		{FF25F269-6E56-4A17-8FC0-DC6D70EA3FD2}.MPI.Build.0 = MPI|Win32
		{FF25F269-6E56-4A17-8FC0-DC6D70EA3FD2}.OMP.ActiveCfg = OMP|Win32
		{FF25F269-6E56-4A17-8FC0-DC6D70EA3FD2}.OMP.Build.0 = OMP|Win32
		{FF25F269-6E56-4A17-8FC0-DC6D70EA3FD2}.Release.ActiveCfg = Release|Win32
		{FF25F269-6E56-4A17-8FC0-DC6D70EA3FD2}.Release.Build.0 = Release|Win32
		{FF25F269-6E56-4A17-8FC0-DC6D70EA3FD2}.SEQ.ActiveCfg = SEQ|Win32
		{FF25F269-6E56-4A17-8FC0-DC6D70EA3FD2}.SEQ.Build.0 = SEQ|Win32
		{EB0EC0F4-73DB-4BB2-8D88-B55F99D97B36}.Debug.ActiveCfg = Debug|Win32
		{EB0EC0F4-73DB-4BB2-8D88-B55F99D97B36}.Debug.Build.0 = Debug|Win32
		{EB0EC0F4-73DB-4BB2-8D88-B55F99D97B36}.MPI.ActiveCfg = MPI|Win32
		{EB0EC0F4-73DB-4BB2-8D88-B55F99D97B36}.MPI.Build.0 = MPI|Win32
		{EB0EC0F4-73DB-4BB2-8D88-B55F99D97B36}.OMP.ActiveCfg = OMP|Win32
		{EB0EC0F4-73DB-4BB2-8D88-B55F99D97B36}.OMP.Build.0 = OMP|Win32
		{EB0EC0F4-73DB-4BB2-8D88-B55F99D97B36}.Release.ActiveCfg = Release|Win32
		{EB0EC0F4-73DB-4BB2-8D88-B55F99D97B36}.Release.Build.0 = Release|Win32
		{EB0EC0F4-73DB-4BB2-8D88-B55F99D97B36}.SEQ.ActiveCfg = SEQ|Win32
		{EB0EC0F4-73DB-4BB2-8D88-B55F99D97B36}.SEQ.Build.0 = SEQ|Win32
		{7665B855-3F54-4345-8DA7-611E4CB10BFE}.Debug.ActiveCfg = Debug|Win32
		{7665B855-3F54-4345-8DA7-611E4CB10BFE}.Debug.Build.0 = Debug|Win32
		{7665B855-3F54-4345-8DA7-611E4CB10BFE}.MPI.ActiveCfg = MPI|Win32
		{7665B855-3F54-4345-8DA7-611E4CB10BFE}.MPI.Build.0 = MPI|Win32
		{7665B855-3F54-4345-8DA7-611E4CB10BFE}.OMP.ActiveCfg = OMP|Win32
		{7665B855-3F54-4345-8DA7-611E4CB10BFE}.OMP.Build.0 = OMP|Win32
		{7665B855-3F54-4345-8DA7-611E4CB10BFE}.Release.ActiveCfg = Release|Win32
		{7665B855-3F54-4345-8DA7-611E4CB10BFE}.Release.Build.0 = Release|Win32
		{7665B855-3F54-4345-8DA7-611E4CB10BFE}.SEQ.ActiveCfg = SEQ|Win32
		{7665B855-3F54-4345-8DA7-611E4CB10BFE}.SEQ.Build.0 = SEQ|Win32
		{BD0938C4-7191-42F8-8F98-6CC31637195C}.Debug.ActiveCfg = Debug|Win32
		{BD0938C4-7191-42F8-8F98-6CC31637195C}.Debug.Build.0 = Debug|Win32
		{BD0938C4-7191-42F8-8F98-6CC31637195C}.MPI.ActiveCfg = MPI|Win32
		{BD0938C4-7191-42F8-8F98-6CC31637195C}.MPI.Build.0 = MPI|Win32
		{BD0938C4-7191-42F8-8F98-6CC31637195C}.OMP.ActiveCfg = OMP|Win32
		{BD0938C4-7191-42F8-8F98-6CC31637195C}.OMP.Build.0 = OMP|Win32
		{BD0938C4-7191-42F8-8F98-6CC31637195C}.Release.ActiveCfg = Release|Win32
		{BD0938C4-7191-42F8-8F98-6CC31637195C}.Release.Build.0 = Release|Win32
		{BD0938C4-7191-42F8-8F98-6CC31637195C}.SEQ.ActiveCfg = SEQ|Win32
		{BD0938C4-7191-42F8-8F98-6CC31637195C}.SEQ.Build.0 = SEQ|Win32
		{ECD02A5A-D8C6-4EDB-9129-322BB8A0410A}.Debug.ActiveCfg = Debug|Win32
		{ECD02A5A-D8C6-4EDB-9129-322BB8A0410A}.Debug.Build.0 = Debug|Win32
		{ECD02A5A-D8C6-4EDB-9129-322BB8A0410A}.MPI.ActiveCfg = MPI|Win32
		{ECD02A5A-D8C6-4EDB-9129-322BB8A0410A}.MPI.Build.0 = MPI|Win32
		{ECD02A5A-D8C6-4EDB-9129-322BB8A0410A}.OMP.ActiveCfg = OMP|Win32
		{ECD02A5A-D8C6-4EDB-9129-322BB8A0410A}.OMP.Build.0 = OMP|Win32
		{ECD02A5A-D8C6-4EDB-9129-322BB8A0410A}.Release.ActiveCfg = Release|Win32
		{ECD02A5A-D8C6-4EDB-9129-322BB8A0410A}.Release.Build.0 = Release|Win32
		{ECD02A5A-D8C6-4EDB-9129-322BB8A0410A}.SEQ.ActiveCfg = SEQ|Win32
		{ECD02A5A-D8C6-4EDB-9129-322BB8A0410A}.SEQ.Build.0 = SEQ|Win32
	EndGlobalSection
	GlobalSection(ExtensibilityGlobals) = postSolution
	EndGlobalSection
	GlobalSection(ExtensibilityAddIns) = postSolution
	EndGlobalSection
EndGlobal
