Microsoft Visual Studio Solution File, Format Version 8.00
Project("{EAF909A5-FA59-4C3D-9431-0FCC20D5BCF9}") = "lis_with_fortran_mpi", "lis_with_fortran_mpi.icproj", "{BEA30F0E-EF69-43FE-82B8-157158276B2A}"
	ProjectSection(ProjectDependencies) = postProject
		{026ED735-BC22-4485-9F7E-64B198D3D6A5} = {026ED735-BC22-4485-9F7E-64B198D3D6A5}
		{CFFB1BCD-05EA-4946-9F6E-6F4CC7CE7ED5} = {CFFB1BCD-05EA-4946-9F6E-6F4CC7CE7ED5}
	EndProjectSection
EndProject
Project("{EAF909A5-FA59-4C3D-9431-0FCC20D5BCF9}") = "test1", "test1.icproj", "{E1A1BB49-EF49-4561-BE05-4BBC0F2C2DF9}"
	ProjectSection(ProjectDependencies) = postProject
		{BEA30F0E-EF69-43FE-82B8-157158276B2A} = {BEA30F0E-EF69-43FE-82B8-157158276B2A}
	EndProjectSection
EndProject
Project("{6989167D-11E4-40FE-8C1A-2192A86A7E90}") = "lis_initf", "lis_initf.vfproj", "{CFFB1BCD-05EA-4946-9F6E-6F4CC7CE7ED5}"
	ProjectSection(ProjectDependencies) = postProject
	EndProjectSection
EndProject
Project("{6989167D-11E4-40FE-8C1A-2192A86A7E90}") = "saamg-mpi", "saamg-mpi.vfproj", "{026ED735-BC22-4485-9F7E-64B198D3D6A5}"
	ProjectSection(ProjectDependencies) = postProject
	EndProjectSection
EndProject
Project("{6989167D-11E4-40FE-8C1A-2192A86A7E90}") = "test1f", "test1f.vfproj", "{F91CF6F1-FEF8-4349-A43F-0DE6D8E4A21B}"
	ProjectSection(ProjectDependencies) = postProject
		{BEA30F0E-EF69-43FE-82B8-157158276B2A} = {BEA30F0E-EF69-43FE-82B8-157158276B2A}
	EndProjectSection
EndProject
Project("{EAF909A5-FA59-4C3D-9431-0FCC20D5BCF9}") = "test2", "test2.icproj", "{B0212C0F-664A-4754-A9EB-C626B6D9E112}"
	ProjectSection(ProjectDependencies) = postProject
		{BEA30F0E-EF69-43FE-82B8-157158276B2A} = {BEA30F0E-EF69-43FE-82B8-157158276B2A}
	EndProjectSection
EndProject
Project("{EAF909A5-FA59-4C3D-9431-0FCC20D5BCF9}") = "test3", "test3.icproj", "{5C468B19-8DE8-44D4-8F45-189D6195B535}"
	ProjectSection(ProjectDependencies) = postProject
		{BEA30F0E-EF69-43FE-82B8-157158276B2A} = {BEA30F0E-EF69-43FE-82B8-157158276B2A}
	EndProjectSection
EndProject
Project("{EAF909A5-FA59-4C3D-9431-0FCC20D5BCF9}") = "test4", "test4.icproj", "{894E6F19-B385-495D-87A2-EB2DDEA06C32}"
	ProjectSection(ProjectDependencies) = postProject
		{BEA30F0E-EF69-43FE-82B8-157158276B2A} = {BEA30F0E-EF69-43FE-82B8-157158276B2A}
	EndProjectSection
EndProject
Project("{6989167D-11E4-40FE-8C1A-2192A86A7E90}") = "test4f", "test4f.vfproj", "{F91CF6F1-FEF8-4349-A43F-0DE6D8E4A21B}"
	ProjectSection(ProjectDependencies) = postProject
		{BEA30F0E-EF69-43FE-82B8-157158276B2A} = {BEA30F0E-EF69-43FE-82B8-157158276B2A}
	EndProjectSection
EndProject
Project("{EAF909A5-FA59-4C3D-9431-0FCC20D5BCF9}") = "test5", "test5.icproj", "{894E6F19-B385-495D-87A2-EB2DDEA06C32}"
	ProjectSection(ProjectDependencies) = postProject
		{BEA30F0E-EF69-43FE-82B8-157158276B2A} = {BEA30F0E-EF69-43FE-82B8-157158276B2A}
	EndProjectSection
EndProject
Project("{EAF909A5-FA59-4C3D-9431-0FCC20D5BCF9}") = "test6", "test6.icproj", "{894E6F19-B385-495D-87A2-EB2DDEA06C32}"
	ProjectSection(ProjectDependencies) = postProject
		{BEA30F0E-EF69-43FE-82B8-157158276B2A} = {BEA30F0E-EF69-43FE-82B8-157158276B2A}
	EndProjectSection
EndProject
Project("{EAF909A5-FA59-4C3D-9431-0FCC20D5BCF9}") = "etest1", "etest1.icproj", "{E1A1BB49-EF49-4561-BE05-4BBC0F2C2DF9}"
	ProjectSection(ProjectDependencies) = postProject
		{BEA30F0E-EF69-43FE-82B8-157158276B2A} = {BEA30F0E-EF69-43FE-82B8-157158276B2A}
	EndProjectSection
EndProject
Project("{6989167D-11E4-40FE-8C1A-2192A86A7E90}") = "etest1f", "etest1f.vfproj", "{F91CF6F1-FEF8-4349-A43F-0DE6D8E4A21B}"
	ProjectSection(ProjectDependencies) = postProject
		{BEA30F0E-EF69-43FE-82B8-157158276B2A} = {BEA30F0E-EF69-43FE-82B8-157158276B2A}
	EndProjectSection
EndProject
Project("{EAF909A5-FA59-4C3D-9431-0FCC20D5BCF9}") = "etest2", "etest2.icproj", "{B0212C0F-664A-4754-A9EB-C626B6D9E112}"
	ProjectSection(ProjectDependencies) = postProject
		{BEA30F0E-EF69-43FE-82B8-157158276B2A} = {BEA30F0E-EF69-43FE-82B8-157158276B2A}
	EndProjectSection
EndProject
Project("{EAF909A5-FA59-4C3D-9431-0FCC20D5BCF9}") = "etest3", "etest3.icproj", "{5C468B19-8DE8-44D4-8F45-189D6195B535}"
	ProjectSection(ProjectDependencies) = postProject
		{BEA30F0E-EF69-43FE-82B8-157158276B2A} = {BEA30F0E-EF69-43FE-82B8-157158276B2A}
	EndProjectSection
EndProject
Project("{EAF909A5-FA59-4C3D-9431-0FCC20D5BCF9}") = "etest4", "etest4.icproj", "{894E6F19-B385-495D-87A2-EB2DDEA06C32}"
	ProjectSection(ProjectDependencies) = postProject
		{BEA30F0E-EF69-43FE-82B8-157158276B2A} = {BEA30F0E-EF69-43FE-82B8-157158276B2A}
	EndProjectSection
EndProject
Project("{6989167D-11E4-40FE-8C1A-2192A86A7E90}") = "etest4f", "etest4f.vfproj", "{F91CF6F1-FEF8-4349-A43F-0DE6D8E4A21B}"
	ProjectSection(ProjectDependencies) = postProject
		{BEA30F0E-EF69-43FE-82B8-157158276B2A} = {BEA30F0E-EF69-43FE-82B8-157158276B2A}
	EndProjectSection
EndProject
Project("{EAF909A5-FA59-4C3D-9431-0FCC20D5BCF9}") = "etest5", "etest5.icproj", "{894E6F19-B385-495D-87A2-EB2DDEA06C32}"
	ProjectSection(ProjectDependencies) = postProject
		{BEA30F0E-EF69-43FE-82B8-157158276B2A} = {BEA30F0E-EF69-43FE-82B8-157158276B2A}
	EndProjectSection
EndProject
Project("{EAF909A5-FA59-4C3D-9431-0FCC20D5BCF9}") = "spmvtest1", "spmvtest1.icproj", "{894E6F19-B385-495D-87A2-EB2DDEA06C32}"
	ProjectSection(ProjectDependencies) = postProject
		{BEA30F0E-EF69-43FE-82B8-157158276B2A} = {BEA30F0E-EF69-43FE-82B8-157158276B2A}
	EndProjectSection
EndProject
Project("{EAF909A5-FA59-4C3D-9431-0FCC20D5BCF9}") = "spmvtest2", "spmvtest2.icproj", "{894E6F19-B385-495D-87A2-EB2DDEA06C32}"
	ProjectSection(ProjectDependencies) = postProject
		{BEA30F0E-EF69-43FE-82B8-157158276B2A} = {BEA30F0E-EF69-43FE-82B8-157158276B2A}
	EndProjectSection
EndProject
Project("{EAF909A5-FA59-4C3D-9431-0FCC20D5BCF9}") = "spmvtest3", "spmvtest3.icproj", "{894E6F19-B385-495D-87A2-EB2DDEA06C32}"
	ProjectSection(ProjectDependencies) = postProject
		{BEA30F0E-EF69-43FE-82B8-157158276B2A} = {BEA30F0E-EF69-43FE-82B8-157158276B2A}
	EndProjectSection
EndProject
Project("{EAF909A5-FA59-4C3D-9431-0FCC20D5BCF9}") = "spmvtest4", "spmvtest4.icproj", "{894E6F19-B385-495D-87A2-EB2DDEA06C32}"
	ProjectSection(ProjectDependencies) = postProject
		{BEA30F0E-EF69-43FE-82B8-157158276B2A} = {BEA30F0E-EF69-43FE-82B8-157158276B2A}
	EndProjectSection
EndProject
Project("{EAF909A5-FA59-4C3D-9431-0FCC20D5BCF9}") = "spmvtest5", "spmvtest5.icproj", "{894E6F19-B385-495D-87A2-EB2DDEA06C32}"
	ProjectSection(ProjectDependencies) = postProject
		{BEA30F0E-EF69-43FE-82B8-157158276B2A} = {BEA30F0E-EF69-43FE-82B8-157158276B2A}
	EndProjectSection
EndProject
Global
	GlobalSection(SolutionConfiguration) = preSolution
		Debug = Debug
		MPI = MPI
		MPI-with-fortran = MPI-with-fortran
		OMP = OMP
		OMP-with-fortran = OMP-with-fortran
		Release = Release
		SEQ = SEQ
		SEQ-with-fortran = SEQ-with-fortran
	EndGlobalSection
	GlobalSection(ProjectConfiguration) = postSolution
		{BEA30F0E-EF69-43FE-82B8-157158276B2A}.Debug.ActiveCfg = Debug|Win32
		{BEA30F0E-EF69-43FE-82B8-157158276B2A}.Debug.Build.0 = Debug|Win32
		{BEA30F0E-EF69-43FE-82B8-157158276B2A}.MPI.ActiveCfg = Release|Win32
		{BEA30F0E-EF69-43FE-82B8-157158276B2A}.MPI.Build.0 = Release|Win32
		{BEA30F0E-EF69-43FE-82B8-157158276B2A}.MPI-with-fortran.ActiveCfg = MPI-with-fortran|Win32
		{BEA30F0E-EF69-43FE-82B8-157158276B2A}.MPI-with-fortran.Build.0 = MPI-with-fortran|Win32
		{BEA30F0E-EF69-43FE-82B8-157158276B2A}.OMP.ActiveCfg = Release|Win32
		{BEA30F0E-EF69-43FE-82B8-157158276B2A}.OMP.Build.0 = Release|Win32
		{BEA30F0E-EF69-43FE-82B8-157158276B2A}.OMP-with-fortran.ActiveCfg = Release|Win32
		{BEA30F0E-EF69-43FE-82B8-157158276B2A}.OMP-with-fortran.Build.0 = Release|Win32
		{BEA30F0E-EF69-43FE-82B8-157158276B2A}.Release.ActiveCfg = Release|Win32
		{BEA30F0E-EF69-43FE-82B8-157158276B2A}.Release.Build.0 = Release|Win32
		{BEA30F0E-EF69-43FE-82B8-157158276B2A}.SEQ.ActiveCfg = Release|Win32
		{BEA30F0E-EF69-43FE-82B8-157158276B2A}.SEQ.Build.0 = Release|Win32
		{BEA30F0E-EF69-43FE-82B8-157158276B2A}.SEQ-with-fortran.ActiveCfg = Release|Win32
		{BEA30F0E-EF69-43FE-82B8-157158276B2A}.SEQ-with-fortran.Build.0 = Release|Win32
		{E1A1BB49-EF49-4561-BE05-4BBC0F2C2DF9}.Debug.ActiveCfg = Debug|Win32
		{E1A1BB49-EF49-4561-BE05-4BBC0F2C2DF9}.Debug.Build.0 = Debug|Win32
		{E1A1BB49-EF49-4561-BE05-4BBC0F2C2DF9}.MPI.ActiveCfg = MPI|Win32
		{E1A1BB49-EF49-4561-BE05-4BBC0F2C2DF9}.MPI.Build.0 = MPI|Win32
		{E1A1BB49-EF49-4561-BE05-4BBC0F2C2DF9}.MPI-with-fortran.ActiveCfg = MPI-with-fortran|Win32
		{E1A1BB49-EF49-4561-BE05-4BBC0F2C2DF9}.MPI-with-fortran.Build.0 = MPI-with-fortran|Win32
		{E1A1BB49-EF49-4561-BE05-4BBC0F2C2DF9}.OMP.ActiveCfg = OMP|Win32
		{E1A1BB49-EF49-4561-BE05-4BBC0F2C2DF9}.OMP.Build.0 = OMP|Win32
		{E1A1BB49-EF49-4561-BE05-4BBC0F2C2DF9}.OMP-with-fortran.ActiveCfg = OMP-with-fortran|Win32
		{E1A1BB49-EF49-4561-BE05-4BBC0F2C2DF9}.OMP-with-fortran.Build.0 = OMP-with-fortran|Win32
		{E1A1BB49-EF49-4561-BE05-4BBC0F2C2DF9}.Release.ActiveCfg = Release|Win32
		{E1A1BB49-EF49-4561-BE05-4BBC0F2C2DF9}.Release.Build.0 = Release|Win32
		{E1A1BB49-EF49-4561-BE05-4BBC0F2C2DF9}.SEQ.ActiveCfg = SEQ|Win32
		{E1A1BB49-EF49-4561-BE05-4BBC0F2C2DF9}.SEQ.Build.0 = SEQ|Win32
		{E1A1BB49-EF49-4561-BE05-4BBC0F2C2DF9}.SEQ-with-fortran.ActiveCfg = SEQ-with-fortran|Win32
		{E1A1BB49-EF49-4561-BE05-4BBC0F2C2DF9}.SEQ-with-fortran.Build.0 = SEQ-with-fortran|Win32
		{CFFB1BCD-05EA-4946-9F6E-6F4CC7CE7ED5}.Debug.ActiveCfg = Debug|Win32
		{CFFB1BCD-05EA-4946-9F6E-6F4CC7CE7ED5}.Debug.Build.0 = Debug|Win32
		{CFFB1BCD-05EA-4946-9F6E-6F4CC7CE7ED5}.MPI.ActiveCfg = MPI|Win32
		{CFFB1BCD-05EA-4946-9F6E-6F4CC7CE7ED5}.MPI.Build.0 = MPI|Win32
		{CFFB1BCD-05EA-4946-9F6E-6F4CC7CE7ED5}.MPI-with-fortran.ActiveCfg = MPI-with-fortran|Win32
		{CFFB1BCD-05EA-4946-9F6E-6F4CC7CE7ED5}.MPI-with-fortran.Build.0 = MPI-with-fortran|Win32
		{CFFB1BCD-05EA-4946-9F6E-6F4CC7CE7ED5}.OMP.ActiveCfg = OMP-with-fortran|Win32
		{CFFB1BCD-05EA-4946-9F6E-6F4CC7CE7ED5}.OMP.Build.0 = OMP-with-fortran|Win32
		{CFFB1BCD-05EA-4946-9F6E-6F4CC7CE7ED5}.OMP-with-fortran.ActiveCfg = OMP-with-fortran|Win32
		{CFFB1BCD-05EA-4946-9F6E-6F4CC7CE7ED5}.OMP-with-fortran.Build.0 = OMP-with-fortran|Win32
		{CFFB1BCD-05EA-4946-9F6E-6F4CC7CE7ED5}.Release.ActiveCfg = Release|Win32
		{CFFB1BCD-05EA-4946-9F6E-6F4CC7CE7ED5}.Release.Build.0 = Release|Win32
		{CFFB1BCD-05EA-4946-9F6E-6F4CC7CE7ED5}.SEQ.ActiveCfg = SEQ-with-fortran|Win32
		{CFFB1BCD-05EA-4946-9F6E-6F4CC7CE7ED5}.SEQ.Build.0 = SEQ-with-fortran|Win32
		{CFFB1BCD-05EA-4946-9F6E-6F4CC7CE7ED5}.SEQ-with-fortran.ActiveCfg = SEQ-with-fortran|Win32
		{CFFB1BCD-05EA-4946-9F6E-6F4CC7CE7ED5}.SEQ-with-fortran.Build.0 = SEQ-with-fortran|Win32
		{026ED735-BC22-4485-9F7E-64B198D3D6A5}.Debug.ActiveCfg = Debug|Win32
		{026ED735-BC22-4485-9F7E-64B198D3D6A5}.Debug.Build.0 = Debug|Win32
		{026ED735-BC22-4485-9F7E-64B198D3D6A5}.MPI.ActiveCfg = MPI|Win32
		{026ED735-BC22-4485-9F7E-64B198D3D6A5}.MPI.Build.0 = MPI|Win32
		{026ED735-BC22-4485-9F7E-64B198D3D6A5}.MPI-with-fortran.ActiveCfg = MPI-with-fortran|Win32
		{026ED735-BC22-4485-9F7E-64B198D3D6A5}.MPI-with-fortran.Build.0 = MPI-with-fortran|Win32
		{026ED735-BC22-4485-9F7E-64B198D3D6A5}.OMP.ActiveCfg = MPI|Win32
		{026ED735-BC22-4485-9F7E-64B198D3D6A5}.OMP.Build.0 = MPI|Win32
		{026ED735-BC22-4485-9F7E-64B198D3D6A5}.OMP-with-fortran.ActiveCfg = MPI|Win32
		{026ED735-BC22-4485-9F7E-64B198D3D6A5}.OMP-with-fortran.Build.0 = MPI|Win32
		{026ED735-BC22-4485-9F7E-64B198D3D6A5}.Release.ActiveCfg = Release|Win32
		{026ED735-BC22-4485-9F7E-64B198D3D6A5}.Release.Build.0 = Release|Win32
		{026ED735-BC22-4485-9F7E-64B198D3D6A5}.SEQ.ActiveCfg = MPI|Win32
		{026ED735-BC22-4485-9F7E-64B198D3D6A5}.SEQ.Build.0 = MPI|Win32
		{026ED735-BC22-4485-9F7E-64B198D3D6A5}.SEQ-with-fortran.ActiveCfg = MPI|Win32
		{026ED735-BC22-4485-9F7E-64B198D3D6A5}.SEQ-with-fortran.Build.0 = MPI|Win32
		{CA9B1F6B-39B1-4D1E-B732-903CDD445004}.Debug.ActiveCfg = Debug|Win32
		{CA9B1F6B-39B1-4D1E-B732-903CDD445004}.Debug.Build.0 = Debug|Win32
		{CA9B1F6B-39B1-4D1E-B732-903CDD445004}.MPI.ActiveCfg = Release|Win32
		{CA9B1F6B-39B1-4D1E-B732-903CDD445004}.MPI-with-fortran.ActiveCfg = MPI-with-fortran|Win32
		{CA9B1F6B-39B1-4D1E-B732-903CDD445004}.OMP.ActiveCfg = Release|Win32
		{CA9B1F6B-39B1-4D1E-B732-903CDD445004}.OMP-with-fortran.ActiveCfg = Release|Win32
		{CA9B1F6B-39B1-4D1E-B732-903CDD445004}.Release.ActiveCfg = Release|Win32
		{CA9B1F6B-39B1-4D1E-B732-903CDD445004}.Release.Build.0 = Release|Win32
		{CA9B1F6B-39B1-4D1E-B732-903CDD445004}.SEQ.ActiveCfg = Release|Win32
		{CA9B1F6B-39B1-4D1E-B732-903CDD445004}.SEQ-with-fortran.ActiveCfg = Release|Win32
		{EB0EC0F4-73DB-4BB2-8D88-B55F99D97B36}.Debug.ActiveCfg = Debug|Win32
		{EB0EC0F4-73DB-4BB2-8D88-B55F99D97B36}.MPI.ActiveCfg = MPI|Win32
		{EB0EC0F4-73DB-4BB2-8D88-B55F99D97B36}.MPI-with-fortran.ActiveCfg = MPI-with-fortran|Win32
		{EB0EC0F4-73DB-4BB2-8D88-B55F99D97B36}.OMP.ActiveCfg = OMP|Win32
		{EB0EC0F4-73DB-4BB2-8D88-B55F99D97B36}.OMP-with-fortran.ActiveCfg = OMP-with-fortran|Win32
		{EB0EC0F4-73DB-4BB2-8D88-B55F99D97B36}.Release.ActiveCfg = Release|Win32
		{EB0EC0F4-73DB-4BB2-8D88-B55F99D97B36}.SEQ.ActiveCfg = SEQ|Win32
		{EB0EC0F4-73DB-4BB2-8D88-B55F99D97B36}.SEQ-with-fortran.ActiveCfg = SEQ-with-fortran|Win32
		{F91CF6F1-FEF8-4349-A43F-0DE6D8E4A21B}.Debug.ActiveCfg = Debug|Win32
		{F91CF6F1-FEF8-4349-A43F-0DE6D8E4A21B}.Debug.Build.0 = Debug|Win32
		{F91CF6F1-FEF8-4349-A43F-0DE6D8E4A21B}.MPI.ActiveCfg = MPI|Win32
		{F91CF6F1-FEF8-4349-A43F-0DE6D8E4A21B}.MPI.Build.0 = MPI|Win32
		{F91CF6F1-FEF8-4349-A43F-0DE6D8E4A21B}.MPI-with-fortran.ActiveCfg = MPI-with-fortran|Win32
		{F91CF6F1-FEF8-4349-A43F-0DE6D8E4A21B}.MPI-with-fortran.Build.0 = MPI-with-fortran|Win32
		{F91CF6F1-FEF8-4349-A43F-0DE6D8E4A21B}.OMP.ActiveCfg = OMP|Win32
		{F91CF6F1-FEF8-4349-A43F-0DE6D8E4A21B}.OMP.Build.0 = OMP|Win32
		{F91CF6F1-FEF8-4349-A43F-0DE6D8E4A21B}.OMP-with-fortran.ActiveCfg = OMP-with-fortran|Win32
		{F91CF6F1-FEF8-4349-A43F-0DE6D8E4A21B}.OMP-with-fortran.Build.0 = OMP-with-fortran|Win32
		{F91CF6F1-FEF8-4349-A43F-0DE6D8E4A21B}.Release.ActiveCfg = Release|Win32
		{F91CF6F1-FEF8-4349-A43F-0DE6D8E4A21B}.Release.Build.0 = Release|Win32
		{F91CF6F1-FEF8-4349-A43F-0DE6D8E4A21B}.SEQ.ActiveCfg = SEQ|Win32
		{F91CF6F1-FEF8-4349-A43F-0DE6D8E4A21B}.SEQ.Build.0 = SEQ|Win32
		{F91CF6F1-FEF8-4349-A43F-0DE6D8E4A21B}.SEQ-with-fortran.ActiveCfg = SEQ-with-fortran|Win32
		{F91CF6F1-FEF8-4349-A43F-0DE6D8E4A21B}.SEQ-with-fortran.Build.0 = SEQ-with-fortran|Win32
		{B0212C0F-664A-4754-A9EB-C626B6D9E112}.Debug.ActiveCfg = Debug|Win32
		{B0212C0F-664A-4754-A9EB-C626B6D9E112}.Debug.Build.0 = Debug|Win32
		{B0212C0F-664A-4754-A9EB-C626B6D9E112}.MPI.ActiveCfg = MPI|Win32
		{B0212C0F-664A-4754-A9EB-C626B6D9E112}.MPI.Build.0 = MPI|Win32
		{B0212C0F-664A-4754-A9EB-C626B6D9E112}.MPI-with-fortran.ActiveCfg = MPI-with-fortran|Win32
		{B0212C0F-664A-4754-A9EB-C626B6D9E112}.MPI-with-fortran.Build.0 = MPI-with-fortran|Win32
		{B0212C0F-664A-4754-A9EB-C626B6D9E112}.OMP.ActiveCfg = OMP|Win32
		{B0212C0F-664A-4754-A9EB-C626B6D9E112}.OMP.Build.0 = OMP|Win32
		{B0212C0F-664A-4754-A9EB-C626B6D9E112}.OMP-with-fortran.ActiveCfg = OMP-with-fortran|Win32
		{B0212C0F-664A-4754-A9EB-C626B6D9E112}.OMP-with-fortran.Build.0 = OMP-with-fortran|Win32
		{B0212C0F-664A-4754-A9EB-C626B6D9E112}.Release.ActiveCfg = Release|Win32
		{B0212C0F-664A-4754-A9EB-C626B6D9E112}.Release.Build.0 = Release|Win32
		{B0212C0F-664A-4754-A9EB-C626B6D9E112}.SEQ.ActiveCfg = SEQ|Win32
		{B0212C0F-664A-4754-A9EB-C626B6D9E112}.SEQ.Build.0 = SEQ|Win32
		{B0212C0F-664A-4754-A9EB-C626B6D9E112}.SEQ-with-fortran.ActiveCfg = SEQ-with-fortran|Win32
		{B0212C0F-664A-4754-A9EB-C626B6D9E112}.SEQ-with-fortran.Build.0 = SEQ-with-fortran|Win32
		{7665B855-3F54-4345-8DA7-611E4CB10BFE}.Debug.ActiveCfg = Debug|Win32
		{7665B855-3F54-4345-8DA7-611E4CB10BFE}.MPI.ActiveCfg = MPI|Win32
		{7665B855-3F54-4345-8DA7-611E4CB10BFE}.MPI-with-fortran.ActiveCfg = MPI-with-fortran|Win32
		{7665B855-3F54-4345-8DA7-611E4CB10BFE}.OMP.ActiveCfg = OMP|Win32
		{7665B855-3F54-4345-8DA7-611E4CB10BFE}.OMP-with-fortran.ActiveCfg = OMP-with-fortran|Win32
		{7665B855-3F54-4345-8DA7-611E4CB10BFE}.Release.ActiveCfg = Release|Win32
		{7665B855-3F54-4345-8DA7-611E4CB10BFE}.SEQ.ActiveCfg = SEQ|Win32
		{7665B855-3F54-4345-8DA7-611E4CB10BFE}.SEQ-with-fortran.ActiveCfg = SEQ-with-fortran|Win32
		{5C468B19-8DE8-44D4-8F45-189D6195B535}.Debug.ActiveCfg = Debug|Win32
		{5C468B19-8DE8-44D4-8F45-189D6195B535}.Debug.Build.0 = Debug|Win32
		{5C468B19-8DE8-44D4-8F45-189D6195B535}.MPI.ActiveCfg = MPI|Win32
		{5C468B19-8DE8-44D4-8F45-189D6195B535}.MPI.Build.0 = MPI|Win32
		{5C468B19-8DE8-44D4-8F45-189D6195B535}.MPI-with-fortran.ActiveCfg = MPI-with-fortran|Win32
		{5C468B19-8DE8-44D4-8F45-189D6195B535}.MPI-with-fortran.Build.0 = MPI-with-fortran|Win32
		{5C468B19-8DE8-44D4-8F45-189D6195B535}.OMP.ActiveCfg = OMP|Win32
		{5C468B19-8DE8-44D4-8F45-189D6195B535}.OMP.Build.0 = OMP|Win32
		{5C468B19-8DE8-44D4-8F45-189D6195B535}.OMP-with-fortran.ActiveCfg = OMP-with-fortran|Win32
		{5C468B19-8DE8-44D4-8F45-189D6195B535}.OMP-with-fortran.Build.0 = OMP-with-fortran|Win32
		{5C468B19-8DE8-44D4-8F45-189D6195B535}.Release.ActiveCfg = Release|Win32
		{5C468B19-8DE8-44D4-8F45-189D6195B535}.Release.Build.0 = Release|Win32
		{5C468B19-8DE8-44D4-8F45-189D6195B535}.SEQ.ActiveCfg = SEQ|Win32
		{5C468B19-8DE8-44D4-8F45-189D6195B535}.SEQ.Build.0 = SEQ|Win32
		{5C468B19-8DE8-44D4-8F45-189D6195B535}.SEQ-with-fortran.ActiveCfg = SEQ-with-fortran|Win32
		{5C468B19-8DE8-44D4-8F45-189D6195B535}.SEQ-with-fortran.Build.0 = SEQ-with-fortran|Win32
		{BD0938C4-7191-42F8-8F98-6CC31637195C}.Debug.ActiveCfg = Debug|Win32
		{BD0938C4-7191-42F8-8F98-6CC31637195C}.MPI.ActiveCfg = MPI|Win32
		{BD0938C4-7191-42F8-8F98-6CC31637195C}.MPI-with-fortran.ActiveCfg = MPI-with-fortran|Win32
		{BD0938C4-7191-42F8-8F98-6CC31637195C}.OMP.ActiveCfg = OMP|Win32
		{BD0938C4-7191-42F8-8F98-6CC31637195C}.OMP-with-fortran.ActiveCfg = OMP-with-fortran|Win32
		{BD0938C4-7191-42F8-8F98-6CC31637195C}.Release.ActiveCfg = Release|Win32
		{BD0938C4-7191-42F8-8F98-6CC31637195C}.SEQ.ActiveCfg = SEQ|Win32
		{BD0938C4-7191-42F8-8F98-6CC31637195C}.SEQ-with-fortran.ActiveCfg = SEQ-with-fortran|Win32
		{894E6F19-B385-495D-87A2-EB2DDEA06C32}.Debug.ActiveCfg = Debug|Win32
		{894E6F19-B385-495D-87A2-EB2DDEA06C32}.Debug.Build.0 = Debug|Win32
		{894E6F19-B385-495D-87A2-EB2DDEA06C32}.MPI.ActiveCfg = MPI|Win32
		{894E6F19-B385-495D-87A2-EB2DDEA06C32}.MPI.Build.0 = MPI|Win32
		{894E6F19-B385-495D-87A2-EB2DDEA06C32}.MPI-with-fortran.ActiveCfg = MPI-with-fortran|Win32
		{894E6F19-B385-495D-87A2-EB2DDEA06C32}.MPI-with-fortran.Build.0 = MPI-with-fortran|Win32
		{894E6F19-B385-495D-87A2-EB2DDEA06C32}.OMP.ActiveCfg = OMP|Win32
		{894E6F19-B385-495D-87A2-EB2DDEA06C32}.OMP.Build.0 = OMP|Win32
		{894E6F19-B385-495D-87A2-EB2DDEA06C32}.OMP-with-fortran.ActiveCfg = OMP-with-fortran|Win32
		{894E6F19-B385-495D-87A2-EB2DDEA06C32}.OMP-with-fortran.Build.0 = OMP-with-fortran|Win32
		{894E6F19-B385-495D-87A2-EB2DDEA06C32}.Release.ActiveCfg = Release|Win32
		{894E6F19-B385-495D-87A2-EB2DDEA06C32}.Release.Build.0 = Release|Win32
		{894E6F19-B385-495D-87A2-EB2DDEA06C32}.SEQ.ActiveCfg = SEQ|Win32
		{894E6F19-B385-495D-87A2-EB2DDEA06C32}.SEQ.Build.0 = SEQ|Win32
		{894E6F19-B385-495D-87A2-EB2DDEA06C32}.SEQ-with-fortran.ActiveCfg = SEQ-with-fortran|Win32
		{894E6F19-B385-495D-87A2-EB2DDEA06C32}.SEQ-with-fortran.Build.0 = SEQ-with-fortran|Win32
		{ECD02A5A-D8C6-4EDB-9129-322BB8A0410A}.Debug.ActiveCfg = Debug|Win32
		{ECD02A5A-D8C6-4EDB-9129-322BB8A0410A}.MPI.ActiveCfg = MPI|Win32
		{ECD02A5A-D8C6-4EDB-9129-322BB8A0410A}.MPI-with-fortran.ActiveCfg = MPI-with-fortran|Win32
		{ECD02A5A-D8C6-4EDB-9129-322BB8A0410A}.OMP.ActiveCfg = OMP|Win32
		{ECD02A5A-D8C6-4EDB-9129-322BB8A0410A}.OMP-with-fortran.ActiveCfg = OMP-with-fortran|Win32
		{ECD02A5A-D8C6-4EDB-9129-322BB8A0410A}.Release.ActiveCfg = Release|Win32
		{ECD02A5A-D8C6-4EDB-9129-322BB8A0410A}.SEQ.ActiveCfg = SEQ|Win32
		{ECD02A5A-D8C6-4EDB-9129-322BB8A0410A}.SEQ-with-fortran.ActiveCfg = SEQ-with-fortran|Win32
	EndGlobalSection
	GlobalSection(ExtensibilityGlobals) = postSolution
	EndGlobalSection
	GlobalSection(ExtensibilityAddIns) = postSolution
	EndGlobalSection
EndGlobal
